
Microsoft Visual Studio Solution File, Format Version 12.00
# Visual Studio Version 16
VisualStudioVersion = 16.0.29806.167
MinimumVisualStudioVersion = 10.0.40219.1
Project("{9A19103F-16F7-4668-BE54-9A1E7A4F7556}") = "LAB2.5OOP", "LAB2.5OOP\LAB2.5OOP.csproj", "{262236E6-0370-46E0-9516-628DAACACBDC}"
EndProject
Project("{FAE04EC0-301F-11D3-BF4B-00C04F79EFBC}") = "UnitTestProject1", "UnitTestProject1\UnitTestProject1.csproj", "{CA346D80-63E7-405E-BA90-A3F3572D6277}"
EndProject
Global
	GlobalSection(SolutionConfigurationPlatforms) = preSolution
		Debug|Any CPU = Debug|Any CPU
		Release|Any CPU = Release|Any CPU
	EndGlobalSection
	GlobalSection(ProjectConfigurationPlatforms) = postSolution
		{262236E6-0370-46E0-9516-628DAACACBDC}.Debug|Any CPU.ActiveCfg = Debug|Any CPU
		{262236E6-0370-46E0-9516-628DAACACBDC}.Debug|Any CPU.Build.0 = Debug|Any CPU
		{262236E6-0370-46E0-9516-628DAACACBDC}.Release|Any CPU.ActiveCfg = Release|Any CPU
		{262236E6-0370-46E0-9516-628DAACACBDC}.Release|Any CPU.Build.0 = Release|Any CPU
		{CA346D80-63E7-405E-BA90-A3F3572D6277}.Debug|Any CPU.ActiveCfg = Debug|Any CPU
		{CA346D80-63E7-405E-BA90-A3F3572D6277}.Debug|Any CPU.Build.0 = Debug|Any CPU
		{CA346D80-63E7-405E-BA90-A3F3572D6277}.Release|Any CPU.ActiveCfg = Release|Any CPU
		{CA346D80-63E7-405E-BA90-A3F3572D6277}.Release|Any CPU.Build.0 = Release|Any CPU
	EndGlobalSection
	GlobalSection(SolutionProperties) = preSolution
		HideSolutionNode = FALSE
	EndGlobalSection
	GlobalSection(ExtensibilityGlobals) = postSolution
		SolutionGuid = {193DE793-54D7-429F-B0F4-3F020E7A0941}
	EndGlobalSection
EndGlobal
